
Microsoft Visual Studio Solution File, Format Version 12.00
# Visual Studio 15
Project("{FAE04EC0-301F-11D3-BF4B-00C04F79EFBC}") = "YouRun-App", "YouRun-App\YouRun-App.csproj", "{F70A0115-C8C5-4203-8DD6-C01DEA303A43}"
EndProject
Global
	GlobalSection(SolutionConfigurationPlatforms) = preSolution
		Debug|iPhoneSimulator = Debug|iPhoneSimulator
		Release|iPhone = Release|iPhone
		Release|iPhoneSimulator = Release|iPhoneSimulator
		Debug|iPhone = Debug|iPhone
	EndGlobalSection
	GlobalSection(ProjectConfigurationPlatforms) = postSolution
		{F70A0115-C8C5-4203-8DD6-C01DEA303A43}.Debug|iPhoneSimulator.ActiveCfg = Debug|iPhoneSimulator
		{F70A0115-C8C5-4203-8DD6-C01DEA303A43}.Debug|iPhoneSimulator.Build.0 = Debug|iPhoneSimulator
		{F70A0115-C8C5-4203-8DD6-C01DEA303A43}.Release|iPhone.ActiveCfg = Release|iPhone
		{F70A0115-C8C5-4203-8DD6-C01DEA303A43}.Release|iPhone.Build.0 = Release|iPhone
		{F70A0115-C8C5-4203-8DD6-C01DEA303A43}.Release|iPhoneSimulator.ActiveCfg = Release|iPhoneSimulator
		{F70A0115-C8C5-4203-8DD6-C01DEA303A43}.Release|iPhoneSimulator.Build.0 = Release|iPhoneSimulator
		{F70A0115-C8C5-4203-8DD6-C01DEA303A43}.Debug|iPhone.ActiveCfg = Debug|iPhone
		{F70A0115-C8C5-4203-8DD6-C01DEA303A43}.Debug|iPhone.Build.0 = Debug|iPhone
	EndGlobalSection
EndGlobal
